
Microsoft Visual Studio Solution File, Format Version 12.00
# Visual Studio 15
VisualStudioVersion = 15.0.26124.0
MinimumVisualStudioVersion = 15.0.26124.0
Project("{FAE04EC0-301F-11D3-BF4B-00C04F79EFBC}") = "TemplateDemo.Api", "TemplateDemo.Api\TemplateDemo.Api.csproj", "{A55FFA0A-DDD0-4F18-8A6A-1CC5339D93CF}"
EndProject
Project("{FAE04EC0-301F-11D3-BF4B-00C04F79EFBC}") = "TemplateDemo.Core", "TemplateDemo.Core\TemplateDemo.Core.csproj", "{6A6E757F-10AB-4887-8719-7E475A00AB8F}"
EndProject
Project("{FAE04EC0-301F-11D3-BF4B-00C04F79EFBC}") = "TemplateDemo.Infrastrature", "TemplateDemo.Infrastrature\TemplateDemo.Infrastrature.csproj", "{20AA4B78-CF89-4F4B-A732-D31C4E912F46}"
EndProject
Global
	GlobalSection(SolutionConfigurationPlatforms) = preSolution
		Debug|Any CPU = Debug|Any CPU
		Debug|x64 = Debug|x64
		Debug|x86 = Debug|x86
		Release|Any CPU = Release|Any CPU
		Release|x64 = Release|x64
		Release|x86 = Release|x86
	EndGlobalSection
	GlobalSection(SolutionProperties) = preSolution
		HideSolutionNode = FALSE
	EndGlobalSection
	GlobalSection(ProjectConfigurationPlatforms) = postSolution
		{A55FFA0A-DDD0-4F18-8A6A-1CC5339D93CF}.Debug|Any CPU.ActiveCfg = Debug|Any CPU
		{A55FFA0A-DDD0-4F18-8A6A-1CC5339D93CF}.Debug|Any CPU.Build.0 = Debug|Any CPU
		{A55FFA0A-DDD0-4F18-8A6A-1CC5339D93CF}.Debug|x64.ActiveCfg = Debug|Any CPU
		{A55FFA0A-DDD0-4F18-8A6A-1CC5339D93CF}.Debug|x64.Build.0 = Debug|Any CPU
		{A55FFA0A-DDD0-4F18-8A6A-1CC5339D93CF}.Debug|x86.ActiveCfg = Debug|Any CPU
		{A55FFA0A-DDD0-4F18-8A6A-1CC5339D93CF}.Debug|x86.Build.0 = Debug|Any CPU
		{A55FFA0A-DDD0-4F18-8A6A-1CC5339D93CF}.Release|Any CPU.ActiveCfg = Release|Any CPU
		{A55FFA0A-DDD0-4F18-8A6A-1CC5339D93CF}.Release|Any CPU.Build.0 = Release|Any CPU
		{A55FFA0A-DDD0-4F18-8A6A-1CC5339D93CF}.Release|x64.ActiveCfg = Release|Any CPU
		{A55FFA0A-DDD0-4F18-8A6A-1CC5339D93CF}.Release|x64.Build.0 = Release|Any CPU
		{A55FFA0A-DDD0-4F18-8A6A-1CC5339D93CF}.Release|x86.ActiveCfg = Release|Any CPU
		{A55FFA0A-DDD0-4F18-8A6A-1CC5339D93CF}.Release|x86.Build.0 = Release|Any CPU
		{6A6E757F-10AB-4887-8719-7E475A00AB8F}.Debug|Any CPU.ActiveCfg = Debug|Any CPU
		{6A6E757F-10AB-4887-8719-7E475A00AB8F}.Debug|Any CPU.Build.0 = Debug|Any CPU
		{6A6E757F-10AB-4887-8719-7E475A00AB8F}.Debug|x64.ActiveCfg = Debug|Any CPU
		{6A6E757F-10AB-4887-8719-7E475A00AB8F}.Debug|x64.Build.0 = Debug|Any CPU
		{6A6E757F-10AB-4887-8719-7E475A00AB8F}.Debug|x86.ActiveCfg = Debug|Any CPU
		{6A6E757F-10AB-4887-8719-7E475A00AB8F}.Debug|x86.Build.0 = Debug|Any CPU
		{6A6E757F-10AB-4887-8719-7E475A00AB8F}.Release|Any CPU.ActiveCfg = Release|Any CPU
		{6A6E757F-10AB-4887-8719-7E475A00AB8F}.Release|Any CPU.Build.0 = Release|Any CPU
		{6A6E757F-10AB-4887-8719-7E475A00AB8F}.Release|x64.ActiveCfg = Release|Any CPU
		{6A6E757F-10AB-4887-8719-7E475A00AB8F}.Release|x64.Build.0 = Release|Any CPU
		{6A6E757F-10AB-4887-8719-7E475A00AB8F}.Release|x86.ActiveCfg = Release|Any CPU
		{6A6E757F-10AB-4887-8719-7E475A00AB8F}.Release|x86.Build.0 = Release|Any CPU
		{20AA4B78-CF89-4F4B-A732-D31C4E912F46}.Debug|Any CPU.ActiveCfg = Debug|Any CPU
		{20AA4B78-CF89-4F4B-A732-D31C4E912F46}.Debug|Any CPU.Build.0 = Debug|Any CPU
		{20AA4B78-CF89-4F4B-A732-D31C4E912F46}.Debug|x64.ActiveCfg = Debug|Any CPU
		{20AA4B78-CF89-4F4B-A732-D31C4E912F46}.Debug|x64.Build.0 = Debug|Any CPU
		{20AA4B78-CF89-4F4B-A732-D31C4E912F46}.Debug|x86.ActiveCfg = Debug|Any CPU
		{20AA4B78-CF89-4F4B-A732-D31C4E912F46}.Debug|x86.Build.0 = Debug|Any CPU
		{20AA4B78-CF89-4F4B-A732-D31C4E912F46}.Release|Any CPU.ActiveCfg = Release|Any CPU
		{20AA4B78-CF89-4F4B-A732-D31C4E912F46}.Release|Any CPU.Build.0 = Release|Any CPU
		{20AA4B78-CF89-4F4B-A732-D31C4E912F46}.Release|x64.ActiveCfg = Release|Any CPU
		{20AA4B78-CF89-4F4B-A732-D31C4E912F46}.Release|x64.Build.0 = Release|Any CPU
		{20AA4B78-CF89-4F4B-A732-D31C4E912F46}.Release|x86.ActiveCfg = Release|Any CPU
		{20AA4B78-CF89-4F4B-A732-D31C4E912F46}.Release|x86.Build.0 = Release|Any CPU
	EndGlobalSection
EndGlobal
